
Microsoft Visual Studio Solution File, Format Version 12.00
# Visual Studio Version 16
VisualStudioVersion = 16.0.29519.181
MinimumVisualStudioVersion = 10.0.40219.1
Project("{FAE04EC0-301F-11D3-BF4B-00C04F79EFBC}") = "QueryIt", "QueryIt\QueryIt.csproj", "{AB9C0FCF-48D1-4EDE-B2D5-F71E76D6CDB0}"
EndProject
Global
	GlobalSection(SolutionConfigurationPlatforms) = preSolution
		Debug|Any CPU = Debug|Any CPU
		Release|Any CPU = Release|Any CPU
	EndGlobalSection
	GlobalSection(ProjectConfigurationPlatforms) = postSolution
		{AB9C0FCF-48D1-4EDE-B2D5-F71E76D6CDB0}.Debug|Any CPU.ActiveCfg = Debug|Any CPU
		{AB9C0FCF-48D1-4EDE-B2D5-F71E76D6CDB0}.Debug|Any CPU.Build.0 = Debug|Any CPU
		{AB9C0FCF-48D1-4EDE-B2D5-F71E76D6CDB0}.Release|Any CPU.ActiveCfg = Release|Any CPU
		{AB9C0FCF-48D1-4EDE-B2D5-F71E76D6CDB0}.Release|Any CPU.Build.0 = Release|Any CPU
	EndGlobalSection
	GlobalSection(SolutionProperties) = preSolution
		HideSolutionNode = FALSE
	EndGlobalSection
	GlobalSection(ExtensibilityGlobals) = postSolution
		SolutionGuid = {601D3342-FC68-4D1B-87C4-CCDB430976DB}
	EndGlobalSection
EndGlobal
